Microsoft Visual Studio Solution File, Format Version 9.00
# Visual Studio 2005
Project("{FAE04EC0-301F-11D3-BF4B-00C04F79EFBC}") = "MySql.Data", "MySql.Data.csproj", "{5EAEFBC4-8389-4120-BAB3-9B27174F6F6F}"
EndProject
Project("{FAE04EC0-301F-11D3-BF4B-00C04F79EFBC}") = "MySql.Data.Tests", "TestSuite\MySql.Data.Tests.csproj", "{92CB29DF-61DE-4277-8DC6-D3587C7311EE}"
	ProjectSection(ProjectDependencies) = postProject
		{5EAEFBC4-8389-4120-BAB3-9B27174F6F6F} = {5EAEFBC4-8389-4120-BAB3-9B27174F6F6F}
	EndProjectSection
EndProject
Global
	GlobalSection(SolutionConfigurationPlatforms) = preSolution
		Debug|Any CPU = Debug|Any CPU
		Release|Any CPU = Release|Any CPU
	EndGlobalSection
	GlobalSection(ProjectConfigurationPlatforms) = postSolution
		{5EAEFBC4-8389-4120-BAB3-9B27174F6F6F}.Debug|Any CPU.ActiveCfg = Debug|Any CPU
		{5EAEFBC4-8389-4120-BAB3-9B27174F6F6F}.Debug|Any CPU.Build.0 = Debug|Any CPU
		{5EAEFBC4-8389-4120-BAB3-9B27174F6F6F}.Release|Any CPU.ActiveCfg = Release|Any CPU
		{5EAEFBC4-8389-4120-BAB3-9B27174F6F6F}.Release|Any CPU.Build.0 = Release|Any CPU
		{92CB29DF-61DE-4277-8DC6-D3587C7311EE}.Debug|Any CPU.ActiveCfg = Debug|Any CPU
		{92CB29DF-61DE-4277-8DC6-D3587C7311EE}.Debug|Any CPU.Build.0 = Debug|Any CPU
		{92CB29DF-61DE-4277-8DC6-D3587C7311EE}.Release|Any CPU.ActiveCfg = Release|Any CPU
		{92CB29DF-61DE-4277-8DC6-D3587C7311EE}.Release|Any CPU.Build.0 = Release|Any CPU
	EndGlobalSection
	GlobalSection(SolutionProperties) = preSolution
		HideSolutionNode = FALSE
	EndGlobalSection
EndGlobal
